// !$*UTF8*$!
{
	archiveVersion = 1;
	classes = {
	};
	objectVersion = 50;
	objects = {

/* Begin PBXBuildFile section */
		83450524277A3CCD0037CAF2 /* AppDelegate.swift in Sources */ = {isa = PBXBuildFile; fileRef = 83450523277A3CCD0037CAF2 /* AppDelegate.swift */; };
		8345052D277A3CCE0037CAF2 /* Assets.xcassets in Resources */ = {isa = PBXBuildFile; fileRef = 8345052C277A3CCE0037CAF2 /* Assets.xcassets */; };
		83450530277A3CCE0037CAF2 /* LaunchScreen.storyboard in Resources */ = {isa = PBXBuildFile; fileRef = 8345052E277A3CCE0037CAF2 /* LaunchScreen.storyboard */; };
		8345053B277A3CCF0037CAF2 /* SuperHero_DivarTests.swift in Sources */ = {isa = PBXBuildFile; fileRef = 8345053A277A3CCF0037CAF2 /* SuperHero_DivarTests.swift */; };
		83450546277A3CCF0037CAF2 /* SuperHero_DivarUITests.swift in Sources */ = {isa = PBXBuildFile; fileRef = 83450545277A3CCF0037CAF2 /* SuperHero_DivarUITests.swift */; };
		834505CD277A3E430037CAF2 /* TableViewDataSource.swift in Sources */ = {isa = PBXBuildFile; fileRef = 834505A7277A3E430037CAF2 /* TableViewDataSource.swift */; };
		834505CE277A3E430037CAF2 /* CellViewModel.swift in Sources */ = {isa = PBXBuildFile; fileRef = 834505A8277A3E430037CAF2 /* CellViewModel.swift */; };
		834505CF277A3E430037CAF2 /* DefaultSectionHeaderFooterView.swift in Sources */ = {isa = PBXBuildFile; fileRef = 834505AA277A3E430037CAF2 /* DefaultSectionHeaderFooterView.swift */; };
		834505D0277A3E430037CAF2 /* DefaultSectionHeaderFooterView.xib in Resources */ = {isa = PBXBuildFile; fileRef = 834505AB277A3E430037CAF2 /* DefaultSectionHeaderFooterView.xib */; };
		834505D1277A3E430037CAF2 /* TableView.swift in Sources */ = {isa = PBXBuildFile; fileRef = 834505AC277A3E430037CAF2 /* TableView.swift */; };
		834505D2277A3E430037CAF2 /* SectionViewModel.swift in Sources */ = {isa = PBXBuildFile; fileRef = 834505AD277A3E430037CAF2 /* SectionViewModel.swift */; };
		834505D3277A3E430037CAF2 /* Logger.swift in Sources */ = {isa = PBXBuildFile; fileRef = 834505AF277A3E430037CAF2 /* Logger.swift */; };
		834505D4277A3E430037CAF2 /* ResponseModel.swift in Sources */ = {isa = PBXBuildFile; fileRef = 834505B1277A3E430037CAF2 /* ResponseModel.swift */; };
		834505D5277A3E430037CAF2 /* NetworkManager.swift in Sources */ = {isa = PBXBuildFile; fileRef = 834505B2277A3E430037CAF2 /* NetworkManager.swift */; };
		834505D6277A3E430037CAF2 /* Interactor.swift in Sources */ = {isa = PBXBuildFile; fileRef = 834505B3277A3E430037CAF2 /* Interactor.swift */; };
		834505D7277A3E430037CAF2 /* Parsable.swift in Sources */ = {isa = PBXBuildFile; fileRef = 834505B4277A3E430037CAF2 /* Parsable.swift */; };
		834505D8277A3E430037CAF2 /* NetworkManagerProtocol.swift in Sources */ = {isa = PBXBuildFile; fileRef = 834505B5277A3E430037CAF2 /* NetworkManagerProtocol.swift */; };
		834505D9277A3E430037CAF2 /* RequestProtocol.swift in Sources */ = {isa = PBXBuildFile; fileRef = 834505B6277A3E430037CAF2 /* RequestProtocol.swift */; };
		834505DA277A3E430037CAF2 /* QueryService.swift in Sources */ = {isa = PBXBuildFile; fileRef = 834505B7277A3E430037CAF2 /* QueryService.swift */; };
		834505DB277A3E430037CAF2 /* InfoDictionary.swift in Sources */ = {isa = PBXBuildFile; fileRef = 834505B9277A3E430037CAF2 /* InfoDictionary.swift */; };
		834505DC277A3E430037CAF2 /* CALayer+Ext.swift in Sources */ = {isa = PBXBuildFile; fileRef = 834505BB277A3E430037CAF2 /* CALayer+Ext.swift */; };
		834505DD277A3E430037CAF2 /* String+Ext.swift in Sources */ = {isa = PBXBuildFile; fileRef = 834505BC277A3E430037CAF2 /* String+Ext.swift */; };
		834505DE277A3E430037CAF2 /* UIAlertController+Ext.swift in Sources */ = {isa = PBXBuildFile; fileRef = 834505BD277A3E430037CAF2 /* UIAlertController+Ext.swift */; };
		834505DF277A3E430037CAF2 /* UIViewController+Ext.swift in Sources */ = {isa = PBXBuildFile; fileRef = 834505BE277A3E430037CAF2 /* UIViewController+Ext.swift */; };
		834505E0277A3E430037CAF2 /* UIView+Ext.swift in Sources */ = {isa = PBXBuildFile; fileRef = 834505BF277A3E430037CAF2 /* UIView+Ext.swift */; };
		834505E1277A3E430037CAF2 /* NibLoadableView.swift in Sources */ = {isa = PBXBuildFile; fileRef = 834505C1277A3E430037CAF2 /* NibLoadableView.swift */; };
		834505E2277A3E430037CAF2 /* EmptyListView.xib in Resources */ = {isa = PBXBuildFile; fileRef = 834505C3277A3E430037CAF2 /* EmptyListView.xib */; };
		834505E3277A3E430037CAF2 /* EmptyListView.swift in Sources */ = {isa = PBXBuildFile; fileRef = 834505C4277A3E430037CAF2 /* EmptyListView.swift */; };
		834505E4277A3E430037CAF2 /* ActivityIndicator.swift in Sources */ = {isa = PBXBuildFile; fileRef = 834505C6277A3E430037CAF2 /* ActivityIndicator.swift */; };
		834505E5277A3E430037CAF2 /* ViewStateManagerView.swift in Sources */ = {isa = PBXBuildFile; fileRef = 834505C7277A3E430037CAF2 /* ViewStateManagerView.swift */; };
		834505E7277A3E430037CAF2 /* Debouncer.swift in Sources */ = {isa = PBXBuildFile; fileRef = 834505C9277A3E430037CAF2 /* Debouncer.swift */; };
		834505E8277A3E430037CAF2 /* DependencyContainer.swift in Sources */ = {isa = PBXBuildFile; fileRef = 834505CB277A3E430037CAF2 /* DependencyContainer.swift */; };
		834505E9277A3E430037CAF2 /* SuperHeroErrors.swift in Sources */ = {isa = PBXBuildFile; fileRef = 834505CC277A3E430037CAF2 /* SuperHeroErrors.swift */; };
		83450614277A43840037CAF2 /* SuperHerosPresenter.swift in Sources */ = {isa = PBXBuildFile; fileRef = 834505FF277A43840037CAF2 /* SuperHerosPresenter.swift */; };
		83450615277A43840037CAF2 /* SuperHerosRouter.swift in Sources */ = {isa = PBXBuildFile; fileRef = 83450600277A43840037CAF2 /* SuperHerosRouter.swift */; };
		83450616277A43840037CAF2 /* SuperHerosInteractor.swift in Sources */ = {isa = PBXBuildFile; fileRef = 83450601277A43840037CAF2 /* SuperHerosInteractor.swift */; };
		83450617277A43840037CAF2 /* SuperHeros.swift in Sources */ = {isa = PBXBuildFile; fileRef = 83450603277A43840037CAF2 /* SuperHeros.swift */; };
		83450618277A43840037CAF2 /* SuperHerosModels.swift in Sources */ = {isa = PBXBuildFile; fileRef = 83450604277A43840037CAF2 /* SuperHerosModels.swift */; };
		83450619277A43840037CAF2 /* SuperHerosViewController.xib in Resources */ = {isa = PBXBuildFile; fileRef = 83450606277A43840037CAF2 /* SuperHerosViewController.xib */; };
		8345061A277A43840037CAF2 /* SuperHerosViewController.swift in Sources */ = {isa = PBXBuildFile; fileRef = 83450607277A43840037CAF2 /* SuperHerosViewController.swift */; };
		8345061B277A43840037CAF2 /* SuperHeroTableViewCell.swift in Sources */ = {isa = PBXBuildFile; fileRef = 83450609277A43840037CAF2 /* SuperHeroTableViewCell.swift */; };
		8345061C277A43840037CAF2 /* SuperHeroCellViewModel.swift in Sources */ = {isa = PBXBuildFile; fileRef = 8345060A277A43840037CAF2 /* SuperHeroCellViewModel.swift */; };
		8345061D277A43840037CAF2 /* SuperHeroTableViewCell.xib in Resources */ = {isa = PBXBuildFile; fileRef = 8345060B277A43840037CAF2 /* SuperHeroTableViewCell.xib */; };
		8345061E277A43840037CAF2 /* SuperHerosLogger.swift in Sources */ = {isa = PBXBuildFile; fileRef = 8345060C277A43840037CAF2 /* SuperHerosLogger.swift */; };
		8345061F277A43840037CAF2 /* SuperHerosEndpoint.swift in Sources */ = {isa = PBXBuildFile; fileRef = 8345060E277A43840037CAF2 /* SuperHerosEndpoint.swift */; };
		83450620277A43840037CAF2 /* SuperHerosWorker.swift in Sources */ = {isa = PBXBuildFile; fileRef = 8345060F277A43840037CAF2 /* SuperHerosWorker.swift */; };
		83450621277A43840037CAF2 /* SuperHerosService.swift in Sources */ = {isa = PBXBuildFile; fileRef = 83450610277A43840037CAF2 /* SuperHerosService.swift */; };
		83450622277A43840037CAF2 /* SuperHerosDependencyContainer.swift in Sources */ = {isa = PBXBuildFile; fileRef = 83450612277A43840037CAF2 /* SuperHerosDependencyContainer.swift */; };
		83450623277A43840037CAF2 /* SuperHerosFactory.swift in Sources */ = {isa = PBXBuildFile; fileRef = 83450613277A43840037CAF2 /* SuperHerosFactory.swift */; };
		8345065B277A4B290037CAF2 /* SuperHeroDetailRouter.swift in Sources */ = {isa = PBXBuildFile; fileRef = 83450647277A4B280037CAF2 /* SuperHeroDetailRouter.swift */; };
		8345065C277A4B290037CAF2 /* SuperHeroDetailInteractor.swift in Sources */ = {isa = PBXBuildFile; fileRef = 83450648277A4B280037CAF2 /* SuperHeroDetailInteractor.swift */; };
		8345065D277A4B290037CAF2 /* SuperHeroDetailModels.swift in Sources */ = {isa = PBXBuildFile; fileRef = 8345064A277A4B280037CAF2 /* SuperHeroDetailModels.swift */; };
		8345065E277A4B290037CAF2 /* SuperHeroDetailViewController.swift in Sources */ = {isa = PBXBuildFile; fileRef = 8345064C277A4B290037CAF2 /* SuperHeroDetailViewController.swift */; };
		8345065F277A4B290037CAF2 /* SuperHeroDetailCellViewModel.swift in Sources */ = {isa = PBXBuildFile; fileRef = 8345064E277A4B290037CAF2 /* SuperHeroDetailCellViewModel.swift */; };
		83450660277A4B290037CAF2 /* SuperHeroDetailTableViewCell.xib in Resources */ = {isa = PBXBuildFile; fileRef = 8345064F277A4B290037CAF2 /* SuperHeroDetailTableViewCell.xib */; };
		83450661277A4B290037CAF2 /* SuperHeroDetailTableViewCell.swift in Sources */ = {isa = PBXBuildFile; fileRef = 83450650277A4B290037CAF2 /* SuperHeroDetailTableViewCell.swift */; };
		83450662277A4B290037CAF2 /* SuperHeroDetailViewController.xib in Resources */ = {isa = PBXBuildFile; fileRef = 83450651277A4B290037CAF2 /* SuperHeroDetailViewController.xib */; };
		83450663277A4B290037CAF2 /* SuperHeroDetailLogger.swift in Sources */ = {isa = PBXBuildFile; fileRef = 83450652277A4B290037CAF2 /* SuperHeroDetailLogger.swift */; };
		83450664277A4B290037CAF2 /* SuperHeroDetailPresenter.swift in Sources */ = {isa = PBXBuildFile; fileRef = 83450653277A4B290037CAF2 /* SuperHeroDetailPresenter.swift */; };
		83450665277A4B290037CAF2 /* SuperHeroDetailEndpoint.swift in Sources */ = {isa = PBXBuildFile; fileRef = 83450655277A4B290037CAF2 /* SuperHeroDetailEndpoint.swift */; };
		83450666277A4B290037CAF2 /* SuperHeroDetailService.swift in Sources */ = {isa = PBXBuildFile; fileRef = 83450656277A4B290037CAF2 /* SuperHeroDetailService.swift */; };
		83450667277A4B290037CAF2 /* SuperHeroDetailWorker.swift in Sources */ = {isa = PBXBuildFile; fileRef = 83450658277A4B290037CAF2 /* SuperHeroDetailWorker.swift */; };
		83450668277A4B290037CAF2 /* SuperHeroDetailFactory.swift in Sources */ = {isa = PBXBuildFile; fileRef = 83450659277A4B290037CAF2 /* SuperHeroDetailFactory.swift */; };
		83450669277A4B290037CAF2 /* SuperHeroDetailDependencyContainer.swift in Sources */ = {isa = PBXBuildFile; fileRef = 8345065A277A4B290037CAF2 /* SuperHeroDetailDependencyContainer.swift */; };
/* End PBXBuildFile section */

/* Begin PBXContainerItemProxy section */
		83450537277A3CCF0037CAF2 /* PBXContainerItemProxy */ = {
			isa = PBXContainerItemProxy;
			containerPortal = 83450518277A3CCD0037CAF2 /* Project object */;
			proxyType = 1;
			remoteGlobalIDString = 8345051F277A3CCD0037CAF2;
			remoteInfo = "SuperHero-Divar";
		};
		83450542277A3CCF0037CAF2 /* PBXContainerItemProxy */ = {
			isa = PBXContainerItemProxy;
			containerPortal = 83450518277A3CCD0037CAF2 /* Project object */;
			proxyType = 1;
			remoteGlobalIDString = 8345051F277A3CCD0037CAF2;
			remoteInfo = "SuperHero-Divar";
		};
/* End PBXContainerItemProxy section */

/* Begin PBXFileReference section */
		83450520277A3CCD0037CAF2 /* SuperHero-Divar.app */ = {isa = PBXFileReference; explicitFileType = wrapper.application; includeInIndex = 0; path = "SuperHero-Divar.app"; sourceTree = BUILT_PRODUCTS_DIR; };
		83450523277A3CCD0037CAF2 /* AppDelegate.swift */ = {isa = PBXFileReference; lastKnownFileType = sourcecode.swift; path = AppDelegate.swift; sourceTree = "<group>"; };
		8345052C277A3CCE0037CAF2 /* Assets.xcassets */ = {isa = PBXFileReference; lastKnownFileType = folder.assetcatalog; path = Assets.xcassets; sourceTree = "<group>"; };
		8345052F277A3CCE0037CAF2 /* Base */ = {isa = PBXFileReference; lastKnownFileType = file.storyboard; name = Base; path = Base.lproj/LaunchScreen.storyboard; sourceTree = "<group>"; };
		83450531277A3CCE0037CAF2 /* Info.plist */ = {isa = PBXFileReference; lastKnownFileType = text.plist.xml; path = Info.plist; sourceTree = "<group>"; };
		83450536277A3CCE0037CAF2 /* SuperHero-DivarTests.xctest */ = {isa = PBXFileReference; explicitFileType = wrapper.cfbundle; includeInIndex = 0; path = "SuperHero-DivarTests.xctest"; sourceTree = BUILT_PRODUCTS_DIR; };
		8345053A277A3CCF0037CAF2 /* SuperHero_DivarTests.swift */ = {isa = PBXFileReference; lastKnownFileType = sourcecode.swift; path = SuperHero_DivarTests.swift; sourceTree = "<group>"; };
		8345053C277A3CCF0037CAF2 /* Info.plist */ = {isa = PBXFileReference; lastKnownFileType = text.plist.xml; path = Info.plist; sourceTree = "<group>"; };
		83450541277A3CCF0037CAF2 /* SuperHero-DivarUITests.xctest */ = {isa = PBXFileReference; explicitFileType = wrapper.cfbundle; includeInIndex = 0; path = "SuperHero-DivarUITests.xctest"; sourceTree = BUILT_PRODUCTS_DIR; };
		83450545277A3CCF0037CAF2 /* SuperHero_DivarUITests.swift */ = {isa = PBXFileReference; lastKnownFileType = sourcecode.swift; path = SuperHero_DivarUITests.swift; sourceTree = "<group>"; };
		83450547277A3CCF0037CAF2 /* Info.plist */ = {isa = PBXFileReference; lastKnownFileType = text.plist.xml; path = Info.plist; sourceTree = "<group>"; };
		834505A7277A3E430037CAF2 /* TableViewDataSource.swift */ = {isa = PBXFileReference; fileEncoding = 4; lastKnownFileType = sourcecode.swift; path = TableViewDataSource.swift; sourceTree = "<group>"; };
		834505A8277A3E430037CAF2 /* CellViewModel.swift */ = {isa = PBXFileReference; fileEncoding = 4; lastKnownFileType = sourcecode.swift; path = CellViewModel.swift; sourceTree = "<group>"; };
		834505AA277A3E430037CAF2 /* DefaultSectionHeaderFooterView.swift */ = {isa = PBXFileReference; fileEncoding = 4; lastKnownFileType = sourcecode.swift; path = DefaultSectionHeaderFooterView.swift; sourceTree = "<group>"; };
		834505AB277A3E430037CAF2 /* DefaultSectionHeaderFooterView.xib */ = {isa = PBXFileReference; fileEncoding = 4; lastKnownFileType = file.xib; path = DefaultSectionHeaderFooterView.xib; sourceTree = "<group>"; };
		834505AC277A3E430037CAF2 /* TableView.swift */ = {isa = PBXFileReference; fileEncoding = 4; lastKnownFileType = sourcecode.swift; path = TableView.swift; sourceTree = "<group>"; };
		834505AD277A3E430037CAF2 /* SectionViewModel.swift */ = {isa = PBXFileReference; fileEncoding = 4; lastKnownFileType = sourcecode.swift; path = SectionViewModel.swift; sourceTree = "<group>"; };
		834505AF277A3E430037CAF2 /* Logger.swift */ = {isa = PBXFileReference; fileEncoding = 4; lastKnownFileType = sourcecode.swift; path = Logger.swift; sourceTree = "<group>"; };
		834505B1277A3E430037CAF2 /* ResponseModel.swift */ = {isa = PBXFileReference; fileEncoding = 4; lastKnownFileType = sourcecode.swift; path = ResponseModel.swift; sourceTree = "<group>"; };
		834505B2277A3E430037CAF2 /* NetworkManager.swift */ = {isa = PBXFileReference; fileEncoding = 4; lastKnownFileType = sourcecode.swift; path = NetworkManager.swift; sourceTree = "<group>"; };
		834505B3277A3E430037CAF2 /* Interactor.swift */ = {isa = PBXFileReference; fileEncoding = 4; lastKnownFileType = sourcecode.swift; path = Interactor.swift; sourceTree = "<group>"; };
		834505B4277A3E430037CAF2 /* Parsable.swift */ = {isa = PBXFileReference; fileEncoding = 4; lastKnownFileType = sourcecode.swift; path = Parsable.swift; sourceTree = "<group>"; };
		834505B5277A3E430037CAF2 /* NetworkManagerProtocol.swift */ = {isa = PBXFileReference; fileEncoding = 4; lastKnownFileType = sourcecode.swift; path = NetworkManagerProtocol.swift; sourceTree = "<group>"; };
		834505B6277A3E430037CAF2 /* RequestProtocol.swift */ = {isa = PBXFileReference; fileEncoding = 4; lastKnownFileType = sourcecode.swift; path = RequestProtocol.swift; sourceTree = "<group>"; };
		834505B7277A3E430037CAF2 /* QueryService.swift */ = {isa = PBXFileReference; fileEncoding = 4; lastKnownFileType = sourcecode.swift; path = QueryService.swift; sourceTree = "<group>"; };
		834505B9277A3E430037CAF2 /* InfoDictionary.swift */ = {isa = PBXFileReference; fileEncoding = 4; lastKnownFileType = sourcecode.swift; path = InfoDictionary.swift; sourceTree = "<group>"; };
		834505BB277A3E430037CAF2 /* CALayer+Ext.swift */ = {isa = PBXFileReference; fileEncoding = 4; lastKnownFileType = sourcecode.swift; path = "CALayer+Ext.swift"; sourceTree = "<group>"; };
		834505BC277A3E430037CAF2 /* String+Ext.swift */ = {isa = PBXFileReference; fileEncoding = 4; lastKnownFileType = sourcecode.swift; path = "String+Ext.swift"; sourceTree = "<group>"; };
		834505BD277A3E430037CAF2 /* UIAlertController+Ext.swift */ = {isa = PBXFileReference; fileEncoding = 4; lastKnownFileType = sourcecode.swift; path = "UIAlertController+Ext.swift"; sourceTree = "<group>"; };
		834505BE277A3E430037CAF2 /* UIViewController+Ext.swift */ = {isa = PBXFileReference; fileEncoding = 4; lastKnownFileType = sourcecode.swift; path = "UIViewController+Ext.swift"; sourceTree = "<group>"; };
		834505BF277A3E430037CAF2 /* UIView+Ext.swift */ = {isa = PBXFileReference; fileEncoding = 4; lastKnownFileType = sourcecode.swift; path = "UIView+Ext.swift"; sourceTree = "<group>"; };
		834505C1277A3E430037CAF2 /* NibLoadableView.swift */ = {isa = PBXFileReference; fileEncoding = 4; lastKnownFileType = sourcecode.swift; path = NibLoadableView.swift; sourceTree = "<group>"; };
		834505C3277A3E430037CAF2 /* EmptyListView.xib */ = {isa = PBXFileReference; fileEncoding = 4; lastKnownFileType = file.xib; path = EmptyListView.xib; sourceTree = "<group>"; };
		834505C4277A3E430037CAF2 /* EmptyListView.swift */ = {isa = PBXFileReference; fileEncoding = 4; lastKnownFileType = sourcecode.swift; path = EmptyListView.swift; sourceTree = "<group>"; };
		834505C6277A3E430037CAF2 /* ActivityIndicator.swift */ = {isa = PBXFileReference; fileEncoding = 4; lastKnownFileType = sourcecode.swift; path = ActivityIndicator.swift; sourceTree = "<group>"; };
		834505C7277A3E430037CAF2 /* ViewStateManagerView.swift */ = {isa = PBXFileReference; fileEncoding = 4; lastKnownFileType = sourcecode.swift; path = ViewStateManagerView.swift; sourceTree = "<group>"; };
		834505C9277A3E430037CAF2 /* Debouncer.swift */ = {isa = PBXFileReference; fileEncoding = 4; lastKnownFileType = sourcecode.swift; path = Debouncer.swift; sourceTree = "<group>"; };
		834505CB277A3E430037CAF2 /* DependencyContainer.swift */ = {isa = PBXFileReference; fileEncoding = 4; lastKnownFileType = sourcecode.swift; path = DependencyContainer.swift; sourceTree = "<group>"; };
		834505CC277A3E430037CAF2 /* SuperHeroErrors.swift */ = {isa = PBXFileReference; fileEncoding = 4; lastKnownFileType = sourcecode.swift; path = SuperHeroErrors.swift; sourceTree = "<group>"; };
		834505FF277A43840037CAF2 /* SuperHerosPresenter.swift */ = {isa = PBXFileReference; fileEncoding = 4; lastKnownFileType = sourcecode.swift; path = SuperHerosPresenter.swift; sourceTree = "<group>"; };
		83450600277A43840037CAF2 /* SuperHerosRouter.swift */ = {isa = PBXFileReference; fileEncoding = 4; lastKnownFileType = sourcecode.swift; path = SuperHerosRouter.swift; sourceTree = "<group>"; };
		83450601277A43840037CAF2 /* SuperHerosInteractor.swift */ = {isa = PBXFileReference; fileEncoding = 4; lastKnownFileType = sourcecode.swift; path = SuperHerosInteractor.swift; sourceTree = "<group>"; };
		83450603277A43840037CAF2 /* SuperHeros.swift */ = {isa = PBXFileReference; fileEncoding = 4; lastKnownFileType = sourcecode.swift; path = SuperHeros.swift; sourceTree = "<group>"; };
		83450604277A43840037CAF2 /* SuperHerosModels.swift */ = {isa = PBXFileReference; fileEncoding = 4; lastKnownFileType = sourcecode.swift; path = SuperHerosModels.swift; sourceTree = "<group>"; };
		83450606277A43840037CAF2 /* SuperHerosViewController.xib */ = {isa = PBXFileReference; fileEncoding = 4; lastKnownFileType = file.xib; path = SuperHerosViewController.xib; sourceTree = "<group>"; };
		83450607277A43840037CAF2 /* SuperHerosViewController.swift */ = {isa = PBXFileReference; fileEncoding = 4; lastKnownFileType = sourcecode.swift; path = SuperHerosViewController.swift; sourceTree = "<group>"; };
		83450609277A43840037CAF2 /* SuperHeroTableViewCell.swift */ = {isa = PBXFileReference; fileEncoding = 4; lastKnownFileType = sourcecode.swift; path = SuperHeroTableViewCell.swift; sourceTree = "<group>"; };
		8345060A277A43840037CAF2 /* SuperHeroCellViewModel.swift */ = {isa = PBXFileReference; fileEncoding = 4; lastKnownFileType = sourcecode.swift; path = SuperHeroCellViewModel.swift; sourceTree = "<group>"; };
		8345060B277A43840037CAF2 /* SuperHeroTableViewCell.xib */ = {isa = PBXFileReference; fileEncoding = 4; lastKnownFileType = file.xib; path = SuperHeroTableViewCell.xib; sourceTree = "<group>"; };
		8345060C277A43840037CAF2 /* SuperHerosLogger.swift */ = {isa = PBXFileReference; fileEncoding = 4; lastKnownFileType = sourcecode.swift; path = SuperHerosLogger.swift; sourceTree = "<group>"; };
		8345060E277A43840037CAF2 /* SuperHerosEndpoint.swift */ = {isa = PBXFileReference; fileEncoding = 4; lastKnownFileType = sourcecode.swift; path = SuperHerosEndpoint.swift; sourceTree = "<group>"; };
		8345060F277A43840037CAF2 /* SuperHerosWorker.swift */ = {isa = PBXFileReference; fileEncoding = 4; lastKnownFileType = sourcecode.swift; path = SuperHerosWorker.swift; sourceTree = "<group>"; };
		83450610277A43840037CAF2 /* SuperHerosService.swift */ = {isa = PBXFileReference; fileEncoding = 4; lastKnownFileType = sourcecode.swift; path = SuperHerosService.swift; sourceTree = "<group>"; };
		83450612277A43840037CAF2 /* SuperHerosDependencyContainer.swift */ = {isa = PBXFileReference; fileEncoding = 4; lastKnownFileType = sourcecode.swift; path = SuperHerosDependencyContainer.swift; sourceTree = "<group>"; };
		83450613277A43840037CAF2 /* SuperHerosFactory.swift */ = {isa = PBXFileReference; fileEncoding = 4; lastKnownFileType = sourcecode.swift; path = SuperHerosFactory.swift; sourceTree = "<group>"; };
		83450627277A46C80037CAF2 /* Config.xcconfig */ = {isa = PBXFileReference; lastKnownFileType = text.xcconfig; path = Config.xcconfig; sourceTree = "<group>"; };
		83450647277A4B280037CAF2 /* SuperHeroDetailRouter.swift */ = {isa = PBXFileReference; fileEncoding = 4; lastKnownFileType = sourcecode.swift; path = SuperHeroDetailRouter.swift; sourceTree = "<group>"; };
		83450648277A4B280037CAF2 /* SuperHeroDetailInteractor.swift */ = {isa = PBXFileReference; fileEncoding = 4; lastKnownFileType = sourcecode.swift; path = SuperHeroDetailInteractor.swift; sourceTree = "<group>"; };
		8345064A277A4B280037CAF2 /* SuperHeroDetailModels.swift */ = {isa = PBXFileReference; fileEncoding = 4; lastKnownFileType = sourcecode.swift; path = SuperHeroDetailModels.swift; sourceTree = "<group>"; };
		8345064C277A4B290037CAF2 /* SuperHeroDetailViewController.swift */ = {isa = PBXFileReference; fileEncoding = 4; lastKnownFileType = sourcecode.swift; path = SuperHeroDetailViewController.swift; sourceTree = "<group>"; };
		8345064E277A4B290037CAF2 /* SuperHeroDetailCellViewModel.swift */ = {isa = PBXFileReference; fileEncoding = 4; lastKnownFileType = sourcecode.swift; path = SuperHeroDetailCellViewModel.swift; sourceTree = "<group>"; };
		8345064F277A4B290037CAF2 /* SuperHeroDetailTableViewCell.xib */ = {isa = PBXFileReference; fileEncoding = 4; lastKnownFileType = file.xib; path = SuperHeroDetailTableViewCell.xib; sourceTree = "<group>"; };
		83450650277A4B290037CAF2 /* SuperHeroDetailTableViewCell.swift */ = {isa = PBXFileReference; fileEncoding = 4; lastKnownFileType = sourcecode.swift; path = SuperHeroDetailTableViewCell.swift; sourceTree = "<group>"; };
		83450651277A4B290037CAF2 /* SuperHeroDetailViewController.xib */ = {isa = PBXFileReference; fileEncoding = 4; lastKnownFileType = file.xib; path = SuperHeroDetailViewController.xib; sourceTree = "<group>"; };
		83450652277A4B290037CAF2 /* SuperHeroDetailLogger.swift */ = {isa = PBXFileReference; fileEncoding = 4; lastKnownFileType = sourcecode.swift; path = SuperHeroDetailLogger.swift; sourceTree = "<group>"; };
		83450653277A4B290037CAF2 /* SuperHeroDetailPresenter.swift */ = {isa = PBXFileReference; fileEncoding = 4; lastKnownFileType = sourcecode.swift; path = SuperHeroDetailPresenter.swift; sourceTree = "<group>"; };
		83450655277A4B290037CAF2 /* SuperHeroDetailEndpoint.swift */ = {isa = PBXFileReference; fileEncoding = 4; lastKnownFileType = sourcecode.swift; path = SuperHeroDetailEndpoint.swift; sourceTree = "<group>"; };
		83450656277A4B290037CAF2 /* SuperHeroDetailService.swift */ = {isa = PBXFileReference; fileEncoding = 4; lastKnownFileType = sourcecode.swift; path = SuperHeroDetailService.swift; sourceTree = "<group>"; };
		83450658277A4B290037CAF2 /* SuperHeroDetailWorker.swift */ = {isa = PBXFileReference; fileEncoding = 4; lastKnownFileType = sourcecode.swift; path = SuperHeroDetailWorker.swift; sourceTree = "<group>"; };
		83450659277A4B290037CAF2 /* SuperHeroDetailFactory.swift */ = {isa = PBXFileReference; fileEncoding = 4; lastKnownFileType = sourcecode.swift; path = SuperHeroDetailFactory.swift; sourceTree = "<group>"; };
		8345065A277A4B290037CAF2 /* SuperHeroDetailDependencyContainer.swift */ = {isa = PBXFileReference; fileEncoding = 4; lastKnownFileType = sourcecode.swift; path = SuperHeroDetailDependencyContainer.swift; sourceTree = "<group>"; };
/* End PBXFileReference section */

/* Begin PBXFrameworksBuildPhase section */
		8345051D277A3CCD0037CAF2 /* Frameworks */ = {
			isa = PBXFrameworksBuildPhase;
			buildActionMask = 2147483647;
			files = (
			);
			runOnlyForDeploymentPostprocessing = 0;
		};
		83450533277A3CCE0037CAF2 /* Frameworks */ = {
			isa = PBXFrameworksBuildPhase;
			buildActionMask = 2147483647;
			files = (
			);
			runOnlyForDeploymentPostprocessing = 0;
		};
		8345053E277A3CCF0037CAF2 /* Frameworks */ = {
			isa = PBXFrameworksBuildPhase;
			buildActionMask = 2147483647;
			files = (
			);
			runOnlyForDeploymentPostprocessing = 0;
		};
/* End PBXFrameworksBuildPhase section */

/* Begin PBXGroup section */
		83450517277A3CCD0037CAF2 = {
			isa = PBXGroup;
			children = (
				83450522277A3CCD0037CAF2 /* SuperHero-Divar */,
				83450539277A3CCF0037CAF2 /* SuperHero-DivarTests */,
				83450544277A3CCF0037CAF2 /* SuperHero-DivarUITests */,
				83450521277A3CCD0037CAF2 /* Products */,
			);
			sourceTree = "<group>";
		};
		83450521277A3CCD0037CAF2 /* Products */ = {
			isa = PBXGroup;
			children = (
				83450520277A3CCD0037CAF2 /* SuperHero-Divar.app */,
				83450536277A3CCE0037CAF2 /* SuperHero-DivarTests.xctest */,
				83450541277A3CCF0037CAF2 /* SuperHero-DivarUITests.xctest */,
			);
			name = Products;
			sourceTree = "<group>";
		};
		83450522277A3CCD0037CAF2 /* SuperHero-Divar */ = {
			isa = PBXGroup;
			children = (
				834505A5277A3E430037CAF2 /* Common */,
				834505FC277A42E10037CAF2 /* Modules */,
				834505FD277A42F00037CAF2 /* Resources */,
				83450531277A3CCE0037CAF2 /* Info.plist */,
			);
			path = "SuperHero-Divar";
			sourceTree = "<group>";
		};
		83450539277A3CCF0037CAF2 /* SuperHero-DivarTests */ = {
			isa = PBXGroup;
			children = (
				8345053A277A3CCF0037CAF2 /* SuperHero_DivarTests.swift */,
				8345053C277A3CCF0037CAF2 /* Info.plist */,
			);
			path = "SuperHero-DivarTests";
			sourceTree = "<group>";
		};
		83450544277A3CCF0037CAF2 /* SuperHero-DivarUITests */ = {
			isa = PBXGroup;
			children = (
				83450545277A3CCF0037CAF2 /* SuperHero_DivarUITests.swift */,
				83450547277A3CCF0037CAF2 /* Info.plist */,
			);
			path = "SuperHero-DivarUITests";
			sourceTree = "<group>";
		};
		834505A5277A3E430037CAF2 /* Common */ = {
			isa = PBXGroup;
			children = (
				83450523277A3CCD0037CAF2 /* AppDelegate.swift */,
				834505C9277A3E430037CAF2 /* Debouncer.swift */,
				834505CA277A3E430037CAF2 /* DependencyContainer */,
				834505C2277A3E430037CAF2 /* EmptyList */,
				834505BA277A3E430037CAF2 /* Extensions */,
				834505AE277A3E430037CAF2 /* Logger */,
				834505B0277A3E430037CAF2 /* Network */,
				834505C0277A3E430037CAF2 /* NibLoader */,
				834505CC277A3E430037CAF2 /* SuperHeroErrors.swift */,
				834505A6277A3E430037CAF2 /* TableView */,
				834505C5277A3E430037CAF2 /* ViewStateManagerView */,
			);
			path = Common;
			sourceTree = "<group>";
		};
		834505A6277A3E430037CAF2 /* TableView */ = {
			isa = PBXGroup;
			children = (
				834505A8277A3E430037CAF2 /* CellViewModel.swift */,
				834505A9277A3E430037CAF2 /* DefaultSectionHeaderView */,
				834505AD277A3E430037CAF2 /* SectionViewModel.swift */,
				834505AC277A3E430037CAF2 /* TableView.swift */,
				834505A7277A3E430037CAF2 /* TableViewDataSource.swift */,
			);
			path = TableView;
			sourceTree = "<group>";
		};
		834505A9277A3E430037CAF2 /* DefaultSectionHeaderView */ = {
			isa = PBXGroup;
			children = (
				834505AA277A3E430037CAF2 /* DefaultSectionHeaderFooterView.swift */,
				834505AB277A3E430037CAF2 /* DefaultSectionHeaderFooterView.xib */,
			);
			path = DefaultSectionHeaderView;
			sourceTree = "<group>";
		};
		834505AE277A3E430037CAF2 /* Logger */ = {
			isa = PBXGroup;
			children = (
				834505AF277A3E430037CAF2 /* Logger.swift */,
			);
			path = Logger;
			sourceTree = "<group>";
		};
		834505B0277A3E430037CAF2 /* Network */ = {
			isa = PBXGroup;
			children = (
				834505B8277A3E430037CAF2 /* Helper */,
				834505B3277A3E430037CAF2 /* Interactor.swift */,
				834505B2277A3E430037CAF2 /* NetworkManager.swift */,
				834505B5277A3E430037CAF2 /* NetworkManagerProtocol.swift */,
				834505B4277A3E430037CAF2 /* Parsable.swift */,
				834505B7277A3E430037CAF2 /* QueryService.swift */,
				834505B6277A3E430037CAF2 /* RequestProtocol.swift */,
				834505B1277A3E430037CAF2 /* ResponseModel.swift */,
			);
			path = Network;
			sourceTree = "<group>";
		};
		834505B8277A3E430037CAF2 /* Helper */ = {
			isa = PBXGroup;
			children = (
				834505B9277A3E430037CAF2 /* InfoDictionary.swift */,
			);
			path = Helper;
			sourceTree = "<group>";
		};
		834505BA277A3E430037CAF2 /* Extensions */ = {
			isa = PBXGroup;
			children = (
				834505BB277A3E430037CAF2 /* CALayer+Ext.swift */,
				834505BC277A3E430037CAF2 /* String+Ext.swift */,
				834505BD277A3E430037CAF2 /* UIAlertController+Ext.swift */,
				834505BF277A3E430037CAF2 /* UIView+Ext.swift */,
				834505BE277A3E430037CAF2 /* UIViewController+Ext.swift */,
			);
			path = Extensions;
			sourceTree = "<group>";
		};
		834505C0277A3E430037CAF2 /* NibLoader */ = {
			isa = PBXGroup;
			children = (
				834505C1277A3E430037CAF2 /* NibLoadableView.swift */,
			);
			path = NibLoader;
			sourceTree = "<group>";
		};
		834505C2277A3E430037CAF2 /* EmptyList */ = {
			isa = PBXGroup;
			children = (
				834505C4277A3E430037CAF2 /* EmptyListView.swift */,
				834505C3277A3E430037CAF2 /* EmptyListView.xib */,
			);
			path = EmptyList;
			sourceTree = "<group>";
		};
		834505C5277A3E430037CAF2 /* ViewStateManagerView */ = {
			isa = PBXGroup;
			children = (
				834505C6277A3E430037CAF2 /* ActivityIndicator.swift */,
				834505C7277A3E430037CAF2 /* ViewStateManagerView.swift */,
			);
			path = ViewStateManagerView;
			sourceTree = "<group>";
		};
		834505CA277A3E430037CAF2 /* DependencyContainer */ = {
			isa = PBXGroup;
			children = (
				834505CB277A3E430037CAF2 /* DependencyContainer.swift */,
			);
			path = DependencyContainer;
			sourceTree = "<group>";
		};
		834505FC277A42E10037CAF2 /* Modules */ = {
			isa = PBXGroup;
			children = (
				83450646277A4B280037CAF2 /* SuperHeroDetail */,
				834505FE277A43840037CAF2 /* SuperHeros */,
			);
			path = Modules;
			sourceTree = "<group>";
		};
		834505FD277A42F00037CAF2 /* Resources */ = {
			isa = PBXGroup;
			children = (
				8345052C277A3CCE0037CAF2 /* Assets.xcassets */,
				8345052E277A3CCE0037CAF2 /* LaunchScreen.storyboard */,
				83450627277A46C80037CAF2 /* Config.xcconfig */,
			);
			path = Resources;
			sourceTree = "<group>";
		};
		834505FE277A43840037CAF2 /* SuperHeros */ = {
			isa = PBXGroup;
			children = (
				834505FF277A43840037CAF2 /* SuperHerosPresenter.swift */,
				83450600277A43840037CAF2 /* SuperHerosRouter.swift */,
				83450601277A43840037CAF2 /* SuperHerosInteractor.swift */,
				83450602277A43840037CAF2 /* Models */,
				83450605277A43840037CAF2 /* View */,
				8345060C277A43840037CAF2 /* SuperHerosLogger.swift */,
				8345060D277A43840037CAF2 /* Service */,
				83450611277A43840037CAF2 /* DependencyContainer */,
			);
			path = SuperHeros;
			sourceTree = "<group>";
		};
		83450602277A43840037CAF2 /* Models */ = {
			isa = PBXGroup;
			children = (
				83450603277A43840037CAF2 /* SuperHeros.swift */,
				83450604277A43840037CAF2 /* SuperHerosModels.swift */,
			);
			path = Models;
			sourceTree = "<group>";
		};
		83450605277A43840037CAF2 /* View */ = {
			isa = PBXGroup;
			children = (
				83450606277A43840037CAF2 /* SuperHerosViewController.xib */,
				83450607277A43840037CAF2 /* SuperHerosViewController.swift */,
				83450608277A43840037CAF2 /* Cell */,
			);
			path = View;
			sourceTree = "<group>";
		};
		83450608277A43840037CAF2 /* Cell */ = {
			isa = PBXGroup;
			children = (
				83450609277A43840037CAF2 /* SuperHeroTableViewCell.swift */,
				8345060A277A43840037CAF2 /* SuperHeroCellViewModel.swift */,
				8345060B277A43840037CAF2 /* SuperHeroTableViewCell.xib */,
			);
			path = Cell;
			sourceTree = "<group>";
		};
		8345060D277A43840037CAF2 /* Service */ = {
			isa = PBXGroup;
			children = (
				8345060E277A43840037CAF2 /* SuperHerosEndpoint.swift */,
				8345060F277A43840037CAF2 /* SuperHerosWorker.swift */,
				83450610277A43840037CAF2 /* SuperHerosService.swift */,
			);
			path = Service;
			sourceTree = "<group>";
		};
		83450611277A43840037CAF2 /* DependencyContainer */ = {
			isa = PBXGroup;
			children = (
				83450612277A43840037CAF2 /* SuperHerosDependencyContainer.swift */,
				83450613277A43840037CAF2 /* SuperHerosFactory.swift */,
			);
			path = DependencyContainer;
			sourceTree = "<group>";
		};
		83450646277A4B280037CAF2 /* SuperHeroDetail */ = {
			isa = PBXGroup;
			children = (
				83450657277A4B290037CAF2 /* DependencyContainer */,
				83450649277A4B280037CAF2 /* Models */,
				83450654277A4B290037CAF2 /* Service */,
				83450648277A4B280037CAF2 /* SuperHeroDetailInteractor.swift */,
				83450652277A4B290037CAF2 /* SuperHeroDetailLogger.swift */,
				83450653277A4B290037CAF2 /* SuperHeroDetailPresenter.swift */,
				83450647277A4B280037CAF2 /* SuperHeroDetailRouter.swift */,
				8345064B277A4B290037CAF2 /* View */,
			);
			path = SuperHeroDetail;
			sourceTree = "<group>";
		};
		83450649277A4B280037CAF2 /* Models */ = {
			isa = PBXGroup;
			children = (
				8345064A277A4B280037CAF2 /* SuperHeroDetailModels.swift */,
			);
			path = Models;
			sourceTree = "<group>";
		};
		8345064B277A4B290037CAF2 /* View */ = {
			isa = PBXGroup;
			children = (
				8345064D277A4B290037CAF2 /* Cell */,
				8345064C277A4B290037CAF2 /* SuperHeroDetailViewController.swift */,
				83450651277A4B290037CAF2 /* SuperHeroDetailViewController.xib */,
			);
			path = View;
			sourceTree = "<group>";
		};
		8345064D277A4B290037CAF2 /* Cell */ = {
			isa = PBXGroup;
			children = (
				8345064E277A4B290037CAF2 /* SuperHeroDetailCellViewModel.swift */,
				83450650277A4B290037CAF2 /* SuperHeroDetailTableViewCell.swift */,
				8345064F277A4B290037CAF2 /* SuperHeroDetailTableViewCell.xib */,
			);
			path = Cell;
			sourceTree = "<group>";
		};
		83450654277A4B290037CAF2 /* Service */ = {
			isa = PBXGroup;
			children = (
				83450655277A4B290037CAF2 /* SuperHeroDetailEndpoint.swift */,
				83450656277A4B290037CAF2 /* SuperHeroDetailService.swift */,
				83450658277A4B290037CAF2 /* SuperHeroDetailWorker.swift */,
			);
			path = Service;
			sourceTree = "<group>";
		};
		83450657277A4B290037CAF2 /* DependencyContainer */ = {
			isa = PBXGroup;
			children = (
				8345065A277A4B290037CAF2 /* SuperHeroDetailDependencyContainer.swift */,
				83450659277A4B290037CAF2 /* SuperHeroDetailFactory.swift */,
			);
			path = DependencyContainer;
			sourceTree = "<group>";
		};
/* End PBXGroup section */

/* Begin PBXNativeTarget section */
		8345051F277A3CCD0037CAF2 /* SuperHero-Divar */ = {
			isa = PBXNativeTarget;
			buildConfigurationList = 8345054A277A3CCF0037CAF2 /* Build configuration list for PBXNativeTarget "SuperHero-Divar" */;
			buildPhases = (
				8345051C277A3CCD0037CAF2 /* Sources */,
				8345051D277A3CCD0037CAF2 /* Frameworks */,
				8345051E277A3CCD0037CAF2 /* Resources */,
			);
			buildRules = (
			);
			dependencies = (
			);
			name = "SuperHero-Divar";
			productName = "SuperHero-Divar";
			productReference = 83450520277A3CCD0037CAF2 /* SuperHero-Divar.app */;
			productType = "com.apple.product-type.application";
		};
		83450535277A3CCE0037CAF2 /* SuperHero-DivarTests */ = {
			isa = PBXNativeTarget;
			buildConfigurationList = 8345054D277A3CCF0037CAF2 /* Build configuration list for PBXNativeTarget "SuperHero-DivarTests" */;
			buildPhases = (
				83450532277A3CCE0037CAF2 /* Sources */,
				83450533277A3CCE0037CAF2 /* Frameworks */,
				83450534277A3CCE0037CAF2 /* Resources */,
			);
			buildRules = (
			);
			dependencies = (
				83450538277A3CCF0037CAF2 /* PBXTargetDependency */,
			);
			name = "SuperHero-DivarTests";
			productName = "SuperHero-DivarTests";
			productReference = 83450536277A3CCE0037CAF2 /* SuperHero-DivarTests.xctest */;
			productType = "com.apple.product-type.bundle.unit-test";
		};
		83450540277A3CCF0037CAF2 /* SuperHero-DivarUITests */ = {
			isa = PBXNativeTarget;
			buildConfigurationList = 83450550277A3CCF0037CAF2 /* Build configuration list for PBXNativeTarget "SuperHero-DivarUITests" */;
			buildPhases = (
				8345053D277A3CCF0037CAF2 /* Sources */,
				8345053E277A3CCF0037CAF2 /* Frameworks */,
				8345053F277A3CCF0037CAF2 /* Resources */,
			);
			buildRules = (
			);
			dependencies = (
				83450543277A3CCF0037CAF2 /* PBXTargetDependency */,
			);
			name = "SuperHero-DivarUITests";
			productName = "SuperHero-DivarUITests";
			productReference = 83450541277A3CCF0037CAF2 /* SuperHero-DivarUITests.xctest */;
			productType = "com.apple.product-type.bundle.ui-testing";
		};
/* End PBXNativeTarget section */

/* Begin PBXProject section */
		83450518277A3CCD0037CAF2 /* Project object */ = {
			isa = PBXProject;
			attributes = {
				LastSwiftUpdateCheck = 1200;
				LastUpgradeCheck = 1200;
				TargetAttributes = {
					8345051F277A3CCD0037CAF2 = {
						CreatedOnToolsVersion = 12.0.1;
					};
					83450535277A3CCE0037CAF2 = {
						CreatedOnToolsVersion = 12.0.1;
						TestTargetID = 8345051F277A3CCD0037CAF2;
					};
					83450540277A3CCF0037CAF2 = {
						CreatedOnToolsVersion = 12.0.1;
						TestTargetID = 8345051F277A3CCD0037CAF2;
					};
				};
			};
			buildConfigurationList = 8345051B277A3CCD0037CAF2 /* Build configuration list for PBXProject "SuperHero-Divar" */;
			compatibilityVersion = "Xcode 9.3";
			developmentRegion = en;
			hasScannedForEncodings = 0;
			knownRegions = (
				en,
				Base,
			);
			mainGroup = 83450517277A3CCD0037CAF2;
			productRefGroup = 83450521277A3CCD0037CAF2 /* Products */;
			projectDirPath = "";
			projectRoot = "";
			targets = (
				8345051F277A3CCD0037CAF2 /* SuperHero-Divar */,
				83450535277A3CCE0037CAF2 /* SuperHero-DivarTests */,
				83450540277A3CCF0037CAF2 /* SuperHero-DivarUITests */,
			);
		};
/* End PBXProject section */

/* Begin PBXResourcesBuildPhase section */
		8345051E277A3CCD0037CAF2 /* Resources */ = {
			isa = PBXResourcesBuildPhase;
			buildActionMask = 2147483647;
			files = (
				834505E2277A3E430037CAF2 /* EmptyListView.xib in Resources */,
				83450530277A3CCE0037CAF2 /* LaunchScreen.storyboard in Resources */,
				8345052D277A3CCE0037CAF2 /* Assets.xcassets in Resources */,
				83450662277A4B290037CAF2 /* SuperHeroDetailViewController.xib in Resources */,
				83450660277A4B290037CAF2 /* SuperHeroDetailTableViewCell.xib in Resources */,
				8345061D277A43840037CAF2 /* SuperHeroTableViewCell.xib in Resources */,
				834505D0277A3E430037CAF2 /* DefaultSectionHeaderFooterView.xib in Resources */,
				83450619277A43840037CAF2 /* SuperHerosViewController.xib in Resources */,
			);
			runOnlyForDeploymentPostprocessing = 0;
		};
		83450534277A3CCE0037CAF2 /* Resources */ = {
			isa = PBXResourcesBuildPhase;
			buildActionMask = 2147483647;
			files = (
			);
			runOnlyForDeploymentPostprocessing = 0;
		};
		8345053F277A3CCF0037CAF2 /* Resources */ = {
			isa = PBXResourcesBuildPhase;
			buildActionMask = 2147483647;
			files = (
			);
			runOnlyForDeploymentPostprocessing = 0;
		};
/* End PBXResourcesBuildPhase section */

/* Begin PBXSourcesBuildPhase section */
		8345051C277A3CCD0037CAF2 /* Sources */ = {
			isa = PBXSourcesBuildPhase;
			buildActionMask = 2147483647;
			files = (
				83450622277A43840037CAF2 /* SuperHerosDependencyContainer.swift in Sources */,
				834505DF277A3E430037CAF2 /* UIViewController+Ext.swift in Sources */,
				834505D5277A3E430037CAF2 /* NetworkManager.swift in Sources */,
				834505CF277A3E430037CAF2 /* DefaultSectionHeaderFooterView.swift in Sources */,
				83450667277A4B290037CAF2 /* SuperHeroDetailWorker.swift in Sources */,
				834505D6277A3E430037CAF2 /* Interactor.swift in Sources */,
				83450614277A43840037CAF2 /* SuperHerosPresenter.swift in Sources */,
				83450618277A43840037CAF2 /* SuperHerosModels.swift in Sources */,
				834505DD277A3E430037CAF2 /* String+Ext.swift in Sources */,
				8345061B277A43840037CAF2 /* SuperHeroTableViewCell.swift in Sources */,
				834505D1277A3E430037CAF2 /* TableView.swift in Sources */,
				83450615277A43840037CAF2 /* SuperHerosRouter.swift in Sources */,
				83450665277A4B290037CAF2 /* SuperHeroDetailEndpoint.swift in Sources */,
				834505E9277A3E430037CAF2 /* SuperHeroErrors.swift in Sources */,
				834505DA277A3E430037CAF2 /* QueryService.swift in Sources */,
				834505CD277A3E430037CAF2 /* TableViewDataSource.swift in Sources */,
				834505CE277A3E430037CAF2 /* CellViewModel.swift in Sources */,
				8345065F277A4B290037CAF2 /* SuperHeroDetailCellViewModel.swift in Sources */,
				83450617277A43840037CAF2 /* SuperHeros.swift in Sources */,
				834505E1277A3E430037CAF2 /* NibLoadableView.swift in Sources */,
				83450621277A43840037CAF2 /* SuperHerosService.swift in Sources */,
				8345065D277A4B290037CAF2 /* SuperHeroDetailModels.swift in Sources */,
				834505DB277A3E430037CAF2 /* InfoDictionary.swift in Sources */,
				83450661277A4B290037CAF2 /* SuperHeroDetailTableViewCell.swift in Sources */,
				834505D7277A3E430037CAF2 /* Parsable.swift in Sources */,
				834505E4277A3E430037CAF2 /* ActivityIndicator.swift in Sources */,
				83450620277A43840037CAF2 /* SuperHerosWorker.swift in Sources */,
				834505DC277A3E430037CAF2 /* CALayer+Ext.swift in Sources */,
				834505E0277A3E430037CAF2 /* UIView+Ext.swift in Sources */,
				8345061E277A43840037CAF2 /* SuperHerosLogger.swift in Sources */,
				834505E8277A3E430037CAF2 /* DependencyContainer.swift in Sources */,
				8345061C277A43840037CAF2 /* SuperHeroCellViewModel.swift in Sources */,
				834505E5277A3E430037CAF2 /* ViewStateManagerView.swift in Sources */,
				834505D3277A3E430037CAF2 /* Logger.swift in Sources */,
				834505D2277A3E430037CAF2 /* SectionViewModel.swift in Sources */,
				8345065E277A4B290037CAF2 /* SuperHeroDetailViewController.swift in Sources */,
				83450616277A43840037CAF2 /* SuperHerosInteractor.swift in Sources */,
				8345065B277A4B290037CAF2 /* SuperHeroDetailRouter.swift in Sources */,
				834505E3277A3E430037CAF2 /* EmptyListView.swift in Sources */,
				83450623277A43840037CAF2 /* SuperHerosFactory.swift in Sources */,
				83450663277A4B290037CAF2 /* SuperHeroDetailLogger.swift in Sources */,
				834505D4277A3E430037CAF2 /* ResponseModel.swift in Sources */,
				83450668277A4B290037CAF2 /* SuperHeroDetailFactory.swift in Sources */,
				83450669277A4B290037CAF2 /* SuperHeroDetailDependencyContainer.swift in Sources */,
				83450666277A4B290037CAF2 /* SuperHeroDetailService.swift in Sources */,
				8345061F277A43840037CAF2 /* SuperHerosEndpoint.swift in Sources */,
				83450664277A4B290037CAF2 /* SuperHeroDetailPresenter.swift in Sources */,
				834505DE277A3E430037CAF2 /* UIAlertController+Ext.swift in Sources */,
				8345061A277A43840037CAF2 /* SuperHerosViewController.swift in Sources */,
				8345065C277A4B290037CAF2 /* SuperHeroDetailInteractor.swift in Sources */,
				834505D8277A3E430037CAF2 /* NetworkManagerProtocol.swift in Sources */,
				834505E7277A3E430037CAF2 /* Debouncer.swift in Sources */,
				834505D9277A3E430037CAF2 /* RequestProtocol.swift in Sources */,
				83450524277A3CCD0037CAF2 /* AppDelegate.swift in Sources */,
			);
			runOnlyForDeploymentPostprocessing = 0;
		};
		83450532277A3CCE0037CAF2 /* Sources */ = {
			isa = PBXSourcesBuildPhase;
			buildActionMask = 2147483647;
			files = (
				8345053B277A3CCF0037CAF2 /* SuperHero_DivarTests.swift in Sources */,
			);
			runOnlyForDeploymentPostprocessing = 0;
		};
		8345053D277A3CCF0037CAF2 /* Sources */ = {
			isa = PBXSourcesBuildPhase;
			buildActionMask = 2147483647;
			files = (
				83450546277A3CCF0037CAF2 /* SuperHero_DivarUITests.swift in Sources */,
			);
			runOnlyForDeploymentPostprocessing = 0;
		};
/* End PBXSourcesBuildPhase section */

/* Begin PBXTargetDependency section */
		83450538277A3CCF0037CAF2 /* PBXTargetDependency */ = {
			isa = PBXTargetDependency;
			target = 8345051F277A3CCD0037CAF2 /* SuperHero-Divar */;
			targetProxy = 83450537277A3CCF0037CAF2 /* PBXContainerItemProxy */;
		};
		83450543277A3CCF0037CAF2 /* PBXTargetDependency */ = {
			isa = PBXTargetDependency;
			target = 8345051F277A3CCD0037CAF2 /* SuperHero-Divar */;
			targetProxy = 83450542277A3CCF0037CAF2 /* PBXContainerItemProxy */;
		};
/* End PBXTargetDependency section */

/* Begin PBXVariantGroup section */
		8345052E277A3CCE0037CAF2 /* LaunchScreen.storyboard */ = {
			isa = PBXVariantGroup;
			children = (
				8345052F277A3CCE0037CAF2 /* Base */,
			);
			name = LaunchScreen.storyboard;
			sourceTree = "<group>";
		};
/* End PBXVariantGroup section */

/* Begin XCBuildConfiguration section */
		83450548277A3CCF0037CAF2 /* Debug */ = {
			isa = XCBuildConfiguration;
			baseConfigurationReference = 83450627277A46C80037CAF2 /* Config.xcconfig */;
			buildSettings = {
				ALWAYS_SEARCH_USER_PATHS = NO;
				CLANG_ANALYZER_NONNULL = YES;
				CLANG_ANALYZER_NUMBER_OBJECT_CONVERSION = YES_AGGRESSIVE;
				CLANG_CXX_LANGUAGE_STANDARD = "gnu++14";
				CLANG_CXX_LIBRARY = "libc++";
				CLANG_ENABLE_MODULES = YES;
				CLANG_ENABLE_OBJC_ARC = YES;
				CLANG_ENABLE_OBJC_WEAK = YES;
				CLANG_WARN_BLOCK_CAPTURE_AUTORELEASING = YES;
				CLANG_WARN_BOOL_CONVERSION = YES;
				CLANG_WARN_COMMA = YES;
				CLANG_WARN_CONSTANT_CONVERSION = YES;
				CLANG_WARN_DEPRECATED_OBJC_IMPLEMENTATIONS = YES;
				CLANG_WARN_DIRECT_OBJC_ISA_USAGE = YES_ERROR;
				CLANG_WARN_DOCUMENTATION_COMMENTS = YES;
				CLANG_WARN_EMPTY_BODY = YES;
				CLANG_WARN_ENUM_CONVERSION = YES;
				CLANG_WARN_INFINITE_RECURSION = YES;
				CLANG_WARN_INT_CONVERSION = YES;
				CLANG_WARN_NON_LITERAL_NULL_CONVERSION = YES;
				CLANG_WARN_OBJC_IMPLICIT_RETAIN_SELF = YES;
				CLANG_WARN_OBJC_LITERAL_CONVERSION = YES;
				CLANG_WARN_OBJC_ROOT_CLASS = YES_ERROR;
				CLANG_WARN_QUOTED_INCLUDE_IN_FRAMEWORK_HEADER = YES;
				CLANG_WARN_RANGE_LOOP_ANALYSIS = YES;
				CLANG_WARN_STRICT_PROTOTYPES = YES;
				CLANG_WARN_SUSPICIOUS_MOVE = YES;
				CLANG_WARN_UNGUARDED_AVAILABILITY = YES_AGGRESSIVE;
				CLANG_WARN_UNREACHABLE_CODE = YES;
				CLANG_WARN__DUPLICATE_METHOD_MATCH = YES;
				COPY_PHASE_STRIP = NO;
				DEBUG_INFORMATION_FORMAT = dwarf;
				ENABLE_STRICT_OBJC_MSGSEND = YES;
				ENABLE_TESTABILITY = YES;
				GCC_C_LANGUAGE_STANDARD = gnu11;
				GCC_DYNAMIC_NO_PIC = NO;
				GCC_NO_COMMON_BLOCKS = YES;
				GCC_OPTIMIZATION_LEVEL = 0;
				GCC_PREPROCESSOR_DEFINITIONS = (
					"DEBUG=1",
					"$(inherited)",
				);
				GCC_WARN_64_TO_32_BIT_CONVERSION = YES;
				GCC_WARN_ABOUT_RETURN_TYPE = YES_ERROR;
				GCC_WARN_UNDECLARED_SELECTOR = YES;
				GCC_WARN_UNINITIALIZED_AUTOS = YES_AGGRESSIVE;
				GCC_WARN_UNUSED_FUNCTION = YES;
				GCC_WARN_UNUSED_VARIABLE = YES;
				IPHONEOS_DEPLOYMENT_TARGET = 14.0;
				MTL_ENABLE_DEBUG_INFO = INCLUDE_SOURCE;
				MTL_FAST_MATH = YES;
				ONLY_ACTIVE_ARCH = YES;
				SDKROOT = iphoneos;
				SWIFT_ACTIVE_COMPILATION_CONDITIONS = DEBUG;
				SWIFT_OPTIMIZATION_LEVEL = "-Onone";
			};
			name = Debug;
		};
		83450549277A3CCF0037CAF2 /* Release */ = {
			isa = XCBuildConfiguration;
			baseConfigurationReference = 83450627277A46C80037CAF2 /* Config.xcconfig */;
			buildSettings = {
				ALWAYS_SEARCH_USER_PATHS = NO;
				CLANG_ANALYZER_NONNULL = YES;
				CLANG_ANALYZER_NUMBER_OBJECT_CONVERSION = YES_AGGRESSIVE;
				CLANG_CXX_LANGUAGE_STANDARD = "gnu++14";
				CLANG_CXX_LIBRARY = "libc++";
				CLANG_ENABLE_MODULES = YES;
				CLANG_ENABLE_OBJC_ARC = YES;
				CLANG_ENABLE_OBJC_WEAK = YES;
				CLANG_WARN_BLOCK_CAPTURE_AUTORELEASING = YES;
				CLANG_WARN_BOOL_CONVERSION = YES;
				CLANG_WARN_COMMA = YES;
				CLANG_WARN_CONSTANT_CONVERSION = YES;
				CLANG_WARN_DEPRECATED_OBJC_IMPLEMENTATIONS = YES;
				CLANG_WARN_DIRECT_OBJC_ISA_USAGE = YES_ERROR;
				CLANG_WARN_DOCUMENTATION_COMMENTS = YES;
				CLANG_WARN_EMPTY_BODY = YES;
				CLANG_WARN_ENUM_CONVERSION = YES;
				CLANG_WARN_INFINITE_RECURSION = YES;
				CLANG_WARN_INT_CONVERSION = YES;
				CLANG_WARN_NON_LITERAL_NULL_CONVERSION = YES;
				CLANG_WARN_OBJC_IMPLICIT_RETAIN_SELF = YES;
				CLANG_WARN_OBJC_LITERAL_CONVERSION = YES;
				CLANG_WARN_OBJC_ROOT_CLASS = YES_ERROR;
				CLANG_WARN_QUOTED_INCLUDE_IN_FRAMEWORK_HEADER = YES;
				CLANG_WARN_RANGE_LOOP_ANALYSIS = YES;
				CLANG_WARN_STRICT_PROTOTYPES = YES;
				CLANG_WARN_SUSPICIOUS_MOVE = YES;
				CLANG_WARN_UNGUARDED_AVAILABILITY = YES_AGGRESSIVE;
				CLANG_WARN_UNREACHABLE_CODE = YES;
				CLANG_WARN__DUPLICATE_METHOD_MATCH = YES;
				COPY_PHASE_STRIP = NO;
				DEBUG_INFORMATION_FORMAT = "dwarf-with-dsym";
				ENABLE_NS_ASSERTIONS = NO;
				ENABLE_STRICT_OBJC_MSGSEND = YES;
				GCC_C_LANGUAGE_STANDARD = gnu11;
				GCC_NO_COMMON_BLOCKS = YES;
				GCC_WARN_64_TO_32_BIT_CONVERSION = YES;
				GCC_WARN_ABOUT_RETURN_TYPE = YES_ERROR;
				GCC_WARN_UNDECLARED_SELECTOR = YES;
				GCC_WARN_UNINITIALIZED_AUTOS = YES_AGGRESSIVE;
				GCC_WARN_UNUSED_FUNCTION = YES;
				GCC_WARN_UNUSED_VARIABLE = YES;
				IPHONEOS_DEPLOYMENT_TARGET = 14.0;
				MTL_ENABLE_DEBUG_INFO = NO;
				MTL_FAST_MATH = YES;
				SDKROOT = iphoneos;
				SWIFT_COMPILATION_MODE = wholemodule;
				SWIFT_OPTIMIZATION_LEVEL = "-O";
				VALIDATE_PRODUCT = YES;
			};
			name = Release;
		};
		8345054B277A3CCF0037CAF2 /* Debug */ = {
			isa = XCBuildConfiguration;
			baseConfigurationReference = 83450627277A46C80037CAF2 /* Config.xcconfig */;
			buildSettings = {
				ASSETCATALOG_COMPILER_APPICON_NAME = AppIcon;
				ASSETCATALOG_COMPILER_GLOBAL_ACCENT_COLOR_NAME = AccentColor;
				CODE_SIGN_STYLE = Automatic;
				DEVELOPMENT_TEAM = A3N8YQ9AVW;
				INFOPLIST_FILE = "SuperHero-Divar/Info.plist";
				IPHONEOS_DEPLOYMENT_TARGET = 13.0;
				LD_RUNPATH_SEARCH_PATHS = (
					"$(inherited)",
					"@executable_path/Frameworks",
				);
				PRODUCT_BUNDLE_IDENTIFIER = "Fateme-s-Company.SuperHero-Divar";
				PRODUCT_NAME = "$(TARGET_NAME)";
				SWIFT_VERSION = 5.0;
				TARGETED_DEVICE_FAMILY = "1,2";
			};
			name = Debug;
		};
		8345054C277A3CCF0037CAF2 /* Release */ = {
			isa = XCBuildConfiguration;
			baseConfigurationReference = 83450627277A46C80037CAF2 /* Config.xcconfig */;
			buildSettings = {
				ASSETCATALOG_COMPILER_APPICON_NAME = AppIcon;
				ASSETCATALOG_COMPILER_GLOBAL_ACCENT_COLOR_NAME = AccentColor;
				CODE_SIGN_STYLE = Automatic;
				DEVELOPMENT_TEAM = A3N8YQ9AVW;
				INFOPLIST_FILE = "SuperHero-Divar/Info.plist";
				IPHONEOS_DEPLOYMENT_TARGET = 13.0;
				LD_RUNPATH_SEARCH_PATHS = (
					"$(inherited)",
					"@executable_path/Frameworks",
				);
				PRODUCT_BUNDLE_IDENTIFIER = "Fateme-s-Company.SuperHero-Divar";
				PRODUCT_NAME = "$(TARGET_NAME)";
				SWIFT_VERSION = 5.0;
				TARGETED_DEVICE_FAMILY = "1,2";
			};
			name = Release;
		};
		8345054E277A3CCF0037CAF2 /* Debug */ = {
			isa = XCBuildConfiguration;
			baseConfigurationReference = 83450627277A46C80037CAF2 /* Config.xcconfig */;
			buildSettings = {
				ALWAYS_EMBED_SWIFT_STANDARD_LIBRARIES = YES;
				BUNDLE_LOADER = "$(TEST_HOST)";
				CODE_SIGN_STYLE = Automatic;
				DEVELOPMENT_TEAM = A3N8YQ9AVW;
				INFOPLIST_FILE = "SuperHero-DivarTests/Info.plist";
				IPHONEOS_DEPLOYMENT_TARGET = 14.0;
				LD_RUNPATH_SEARCH_PATHS = (
					"$(inherited)",
					"@executable_path/Frameworks",
					"@loader_path/Frameworks",
				);
				PRODUCT_BUNDLE_IDENTIFIER = "Fateme-s-Company.SuperHero-DivarTests";
				PRODUCT_NAME = "$(TARGET_NAME)";
				SWIFT_VERSION = 5.0;
				TARGETED_DEVICE_FAMILY = "1,2";
				TEST_HOST = "$(BUILT_PRODUCTS_DIR)/SuperHero-Divar.app/SuperHero-Divar";
			};
			name = Debug;
		};
		8345054F277A3CCF0037CAF2 /* Release */ = {
			isa = XCBuildConfiguration;
			baseConfigurationReference = 83450627277A46C80037CAF2 /* Config.xcconfig */;
			buildSettings = {
				ALWAYS_EMBED_SWIFT_STANDARD_LIBRARIES = YES;
				BUNDLE_LOADER = "$(TEST_HOST)";
				CODE_SIGN_STYLE = Automatic;
				DEVELOPMENT_TEAM = A3N8YQ9AVW;
				INFOPLIST_FILE = "SuperHero-DivarTests/Info.plist";
				IPHONEOS_DEPLOYMENT_TARGET = 14.0;
				LD_RUNPATH_SEARCH_PATHS = (
					"$(inherited)",
					"@executable_path/Frameworks",
					"@loader_path/Frameworks",
				);
				PRODUCT_BUNDLE_IDENTIFIER = "Fateme-s-Company.SuperHero-DivarTests";
				PRODUCT_NAME = "$(TARGET_NAME)";
				SWIFT_VERSION = 5.0;
				TARGETED_DEVICE_FAMILY = "1,2";
				TEST_HOST = "$(BUILT_PRODUCTS_DIR)/SuperHero-Divar.app/SuperHero-Divar";
			};
			name = Release;
		};
		83450551277A3CCF0037CAF2 /* Debug */ = {
			isa = XCBuildConfiguration;
			baseConfigurationReference = 83450627277A46C80037CAF2 /* Config.xcconfig */;
			buildSettings = {
				ALWAYS_EMBED_SWIFT_STANDARD_LIBRARIES = YES;
				CODE_SIGN_STYLE = Automatic;
				DEVELOPMENT_TEAM = A3N8YQ9AVW;
				INFOPLIST_FILE = "SuperHero-DivarUITests/Info.plist";
				LD_RUNPATH_SEARCH_PATHS = (
					"$(inherited)",
					"@executable_path/Frameworks",
					"@loader_path/Frameworks",
				);
				PRODUCT_BUNDLE_IDENTIFIER = "Fateme-s-Company.SuperHero-DivarUITests";
				PRODUCT_NAME = "$(TARGET_NAME)";
				SWIFT_VERSION = 5.0;
				TARGETED_DEVICE_FAMILY = "1,2";
				TEST_TARGET_NAME = "SuperHero-Divar";
			};
			name = Debug;
		};
		83450552277A3CCF0037CAF2 /* Release */ = {
			isa = XCBuildConfiguration;
			baseConfigurationReference = 83450627277A46C80037CAF2 /* Config.xcconfig */;
			buildSettings = {
				ALWAYS_EMBED_SWIFT_STANDARD_LIBRARIES = YES;
				CODE_SIGN_STYLE = Automatic;
				DEVELOPMENT_TEAM = A3N8YQ9AVW;
				INFOPLIST_FILE = "SuperHero-DivarUITests/Info.plist";
				LD_RUNPATH_SEARCH_PATHS = (
					"$(inherited)",
					"@executable_path/Frameworks",
					"@loader_path/Frameworks",
				);
				PRODUCT_BUNDLE_IDENTIFIER = "Fateme-s-Company.SuperHero-DivarUITests";
				PRODUCT_NAME = "$(TARGET_NAME)";
				SWIFT_VERSION = 5.0;
				TARGETED_DEVICE_FAMILY = "1,2";
				TEST_TARGET_NAME = "SuperHero-Divar";
			};
			name = Release;
		};
/* End XCBuildConfiguration section */

/* Begin XCConfigurationList section */
		8345051B277A3CCD0037CAF2 /* Build configuration list for PBXProject "SuperHero-Divar" */ = {
			isa = XCConfigurationList;
			buildConfigurations = (
				83450548277A3CCF0037CAF2 /* Debug */,
				83450549277A3CCF0037CAF2 /* Release */,
			);
			defaultConfigurationIsVisible = 0;
			defaultConfigurationName = Release;
		};
		8345054A277A3CCF0037CAF2 /* Build configuration list for PBXNativeTarget "SuperHero-Divar" */ = {
			isa = XCConfigurationList;
			buildConfigurations = (
				8345054B277A3CCF0037CAF2 /* Debug */,
				8345054C277A3CCF0037CAF2 /* Release */,
			);
			defaultConfigurationIsVisible = 0;
			defaultConfigurationName = Release;
		};
		8345054D277A3CCF0037CAF2 /* Build configuration list for PBXNativeTarget "SuperHero-DivarTests" */ = {
			isa = XCConfigurationList;
			buildConfigurations = (
				8345054E277A3CCF0037CAF2 /* Debug */,
				8345054F277A3CCF0037CAF2 /* Release */,
			);
			defaultConfigurationIsVisible = 0;
			defaultConfigurationName = Release;
		};
		83450550277A3CCF0037CAF2 /* Build configuration list for PBXNativeTarget "SuperHero-DivarUITests" */ = {
			isa = XCConfigurationList;
			buildConfigurations = (
				83450551277A3CCF0037CAF2 /* Debug */,
				83450552277A3CCF0037CAF2 /* Release */,
			);
			defaultConfigurationIsVisible = 0;
			defaultConfigurationName = Release;
		};
/* End XCConfigurationList section */
	};
	rootObject = 83450518277A3CCD0037CAF2 /* Project object */;
}
